
Microsoft Visual Studio Solution File, Format Version 12.00
# Visual Studio 14
VisualStudioVersion = 14.0.22310.1
MinimumVisualStudioVersion = 10.0.40219.1
Project("{FAE04EC0-301F-11D3-BF4B-00C04F79EFBC}") = "Skein", "Skein\Skein.csproj", "{7E55C296-40B7-41FD-8F2D-00D020845294}"
EndProject
Project("{FAE04EC0-301F-11D3-BF4B-00C04F79EFBC}") = "SkeinUnitTest", "SkeinUnitTest\SkeinUnitTest.csproj", "{B0DEABC7-8EAA-4689-893E-971C1F9E299B}"
EndProject
Global
	GlobalSection(SolutionConfigurationPlatforms) = preSolution
		Debug|Any CPU = Debug|Any CPU
		Release|Any CPU = Release|Any CPU
	EndGlobalSection
	GlobalSection(ProjectConfigurationPlatforms) = postSolution
		{7E55C296-40B7-41FD-8F2D-00D020845294}.Debug|Any CPU.ActiveCfg = Debug|Any CPU
		{7E55C296-40B7-41FD-8F2D-00D020845294}.Debug|Any CPU.Build.0 = Debug|Any CPU
		{7E55C296-40B7-41FD-8F2D-00D020845294}.Release|Any CPU.ActiveCfg = Release|Any CPU
		{7E55C296-40B7-41FD-8F2D-00D020845294}.Release|Any CPU.Build.0 = Release|Any CPU
		{B0DEABC7-8EAA-4689-893E-971C1F9E299B}.Debug|Any CPU.ActiveCfg = Debug|Any CPU
		{B0DEABC7-8EAA-4689-893E-971C1F9E299B}.Debug|Any CPU.Build.0 = Debug|Any CPU
		{B0DEABC7-8EAA-4689-893E-971C1F9E299B}.Release|Any CPU.ActiveCfg = Release|Any CPU
		{B0DEABC7-8EAA-4689-893E-971C1F9E299B}.Release|Any CPU.Build.0 = Release|Any CPU
	EndGlobalSection
	GlobalSection(SolutionProperties) = preSolution
		HideSolutionNode = FALSE
	EndGlobalSection
EndGlobal
